
Microsoft Visual Studio Solution File, Format Version 12.00
# Visual Studio Version 17
VisualStudioVersion = 17.9.34728.123
MinimumVisualStudioVersion = 10.0.40219.1
Project("{9A19103F-16F7-4668-BE54-9A1E7A4F7556}") = "College.App", "College.App\College.App.csproj", "{88AF45BD-F146-4DA1-A9F5-FCDBB68A726F}"
EndProject
Project("{FAE04EC0-301F-11D3-BF4B-00C04F79EFBC}") = "College.Core", "College.Core\College.Core.csproj", "{5CA85878-BDB9-40AF-83F3-EDDEC1E99785}"
EndProject
Project("{FAE04EC0-301F-11D3-BF4B-00C04F79EFBC}") = "College.Data", "College.Data\College.Data.csproj", "{01657082-5AE0-47A6-9F4B-D12C8AD14541}"
EndProject
Project("{FAE04EC0-301F-11D3-BF4B-00C04F79EFBC}") = "College.Service", "College.Service\College.Service.csproj", "{C35B43E2-0AAE-4779-964A-7601A4A8401E}"
EndProject
Global
	GlobalSection(SolutionConfigurationPlatforms) = preSolution
		Debug|Any CPU = Debug|Any CPU
		Release|Any CPU = Release|Any CPU
	EndGlobalSection
	GlobalSection(ProjectConfigurationPlatforms) = postSolution
		{88AF45BD-F146-4DA1-A9F5-FCDBB68A726F}.Debug|Any CPU.ActiveCfg = Debug|Any CPU
		{88AF45BD-F146-4DA1-A9F5-FCDBB68A726F}.Debug|Any CPU.Build.0 = Debug|Any CPU
		{88AF45BD-F146-4DA1-A9F5-FCDBB68A726F}.Release|Any CPU.ActiveCfg = Release|Any CPU
		{88AF45BD-F146-4DA1-A9F5-FCDBB68A726F}.Release|Any CPU.Build.0 = Release|Any CPU
		{5CA85878-BDB9-40AF-83F3-EDDEC1E99785}.Debug|Any CPU.ActiveCfg = Debug|Any CPU
		{5CA85878-BDB9-40AF-83F3-EDDEC1E99785}.Debug|Any CPU.Build.0 = Debug|Any CPU
		{5CA85878-BDB9-40AF-83F3-EDDEC1E99785}.Release|Any CPU.ActiveCfg = Release|Any CPU
		{5CA85878-BDB9-40AF-83F3-EDDEC1E99785}.Release|Any CPU.Build.0 = Release|Any CPU
		{01657082-5AE0-47A6-9F4B-D12C8AD14541}.Debug|Any CPU.ActiveCfg = Debug|Any CPU
		{01657082-5AE0-47A6-9F4B-D12C8AD14541}.Debug|Any CPU.Build.0 = Debug|Any CPU
		{01657082-5AE0-47A6-9F4B-D12C8AD14541}.Release|Any CPU.ActiveCfg = Release|Any CPU
		{01657082-5AE0-47A6-9F4B-D12C8AD14541}.Release|Any CPU.Build.0 = Release|Any CPU
		{C35B43E2-0AAE-4779-964A-7601A4A8401E}.Debug|Any CPU.ActiveCfg = Debug|Any CPU
		{C35B43E2-0AAE-4779-964A-7601A4A8401E}.Debug|Any CPU.Build.0 = Debug|Any CPU
		{C35B43E2-0AAE-4779-964A-7601A4A8401E}.Release|Any CPU.ActiveCfg = Release|Any CPU
		{C35B43E2-0AAE-4779-964A-7601A4A8401E}.Release|Any CPU.Build.0 = Release|Any CPU
	EndGlobalSection
	GlobalSection(SolutionProperties) = preSolution
		HideSolutionNode = FALSE
	EndGlobalSection
	GlobalSection(ExtensibilityGlobals) = postSolution
		SolutionGuid = {BD9E9D08-00EA-4B47-8B02-77CBE496E295}
	EndGlobalSection
EndGlobal
